
Microsoft Visual Studio Solution File, Format Version 12.00
# Visual Studio Version 16
VisualStudioVersion = 16.0.32106.194
MinimumVisualStudioVersion = 10.0.40219.1
Project("{9A19103F-16F7-4668-BE54-9A1E7A4F7556}") = "Lab1.1.1", "Lab1.1.1\Lab1.1.1.csproj", "{152E7134-490D-4502-96E5-1041A19FB12D}"
EndProject
Project("{9A19103F-16F7-4668-BE54-9A1E7A4F7556}") = "Lab1.1.2", "Lab1.1.2\Lab1.1.2.csproj", "{B2121B5B-36B1-468B-9555-0293604C3FE1}"
EndProject
Project("{FAE04EC0-301F-11D3-BF4B-00C04F79EFBC}") = "Lab1.2", "Lab1.2\Lab1.2.csproj", "{4F5AFC5D-06B0-47CE-8DB8-D9A72854EA02}"
EndProject
Global
	GlobalSection(SolutionConfigurationPlatforms) = preSolution
		Debug|Any CPU = Debug|Any CPU
		Release|Any CPU = Release|Any CPU
	EndGlobalSection
	GlobalSection(ProjectConfigurationPlatforms) = postSolution
		{152E7134-490D-4502-96E5-1041A19FB12D}.Debug|Any CPU.ActiveCfg = Debug|Any CPU
		{152E7134-490D-4502-96E5-1041A19FB12D}.Debug|Any CPU.Build.0 = Debug|Any CPU
		{152E7134-490D-4502-96E5-1041A19FB12D}.Release|Any CPU.ActiveCfg = Release|Any CPU
		{152E7134-490D-4502-96E5-1041A19FB12D}.Release|Any CPU.Build.0 = Release|Any CPU
		{B2121B5B-36B1-468B-9555-0293604C3FE1}.Debug|Any CPU.ActiveCfg = Debug|Any CPU
		{B2121B5B-36B1-468B-9555-0293604C3FE1}.Debug|Any CPU.Build.0 = Debug|Any CPU
		{B2121B5B-36B1-468B-9555-0293604C3FE1}.Release|Any CPU.ActiveCfg = Release|Any CPU
		{B2121B5B-36B1-468B-9555-0293604C3FE1}.Release|Any CPU.Build.0 = Release|Any CPU
		{4F5AFC5D-06B0-47CE-8DB8-D9A72854EA02}.Debug|Any CPU.ActiveCfg = Debug|Any CPU
		{4F5AFC5D-06B0-47CE-8DB8-D9A72854EA02}.Debug|Any CPU.Build.0 = Debug|Any CPU
		{4F5AFC5D-06B0-47CE-8DB8-D9A72854EA02}.Release|Any CPU.ActiveCfg = Release|Any CPU
		{4F5AFC5D-06B0-47CE-8DB8-D9A72854EA02}.Release|Any CPU.Build.0 = Release|Any CPU
	EndGlobalSection
	GlobalSection(SolutionProperties) = preSolution
		HideSolutionNode = FALSE
	EndGlobalSection
	GlobalSection(ExtensibilityGlobals) = postSolution
		SolutionGuid = {E63C783B-1540-4E98-87D8-04C01E0BBCA1}
	EndGlobalSection
EndGlobal
